speakeasyVersion: 1.682.0
sources:
    Emailr API:
        sourceNamespace: emailr-api
        sourceRevisionDigest: sha256:ee3524cac44362fc2bf8cf8ac168b82c04ddd9b1e481afb6c45df55bd8f6d43d
        sourceBlobDigest: sha256:5ec6a9288965083c12b97af578c2bcb7fde6ad3774e1103bf0690952bd22249e
        tags:
            - latest
            - speakeasy-sdk-regen-1767762602
            - 1.0.0
targets:
    emailr:
        source: Emailr API
        sourceNamespace: emailr-api
        sourceRevisionDigest: sha256:ee3524cac44362fc2bf8cf8ac168b82c04ddd9b1e481afb6c45df55bd8f6d43d
        sourceBlobDigest: sha256:5ec6a9288965083c12b97af578c2bcb7fde6ad3774e1103bf0690952bd22249e
        codeSamplesNamespace: emailr-api-typescript-code-samples
        codeSamplesRevisionDigest: sha256:8040ae53727806f5fa9ae5429ee942cd5a43e33fdced71f816a57c9fc5100b2a
workflow:
    workflowVersion: 1.0.0
    speakeasyVersion: latest
    sources:
        Emailr API:
            inputs:
                - location: https://api.emailr.dev/openapi.json
            overlays:
                - location: .speakeasy/speakeasy-modifications-overlay.yaml
            output: .speakeasy/out.openapi.yaml
            registry:
                location: registry.speakeasyapi.dev/hormo/emailr/emailr-api
    targets:
        emailr:
            target: typescript
            source: Emailr API
            publish:
                npm:
                    token: $npm_token
            codeSamples:
                registry:
                    location: registry.speakeasyapi.dev/hormo/emailr/emailr-api-typescript-code-samples
                labelOverride:
                    fixedValue: Typescript (SDK)
                blocking: false
