speakeasyVersion: 1.682.0
sources:
    Emailr API:
        sourceNamespace: emailr-api
        sourceRevisionDigest: sha256:399cac767df2fba7230deb087ab0623992d2b09dc78df10d11db8ac3a88274d5
        sourceBlobDigest: sha256:be0ebf3a3f4f45eddfeed17eddc3fef186bf8c5bfd1d2caa4ef3f930ea0c8154
        tags:
            - latest
            - speakeasy-sdk-regen-1767146080
            - 1.0.0
targets:
    emailr:
        source: Emailr API
        sourceNamespace: emailr-api
        sourceRevisionDigest: sha256:399cac767df2fba7230deb087ab0623992d2b09dc78df10d11db8ac3a88274d5
        sourceBlobDigest: sha256:be0ebf3a3f4f45eddfeed17eddc3fef186bf8c5bfd1d2caa4ef3f930ea0c8154
        codeSamplesNamespace: emailr-api-typescript-code-samples
        codeSamplesRevisionDigest: sha256:96e5303df6ec71910d873483548b5632b7a499c3b8d966ed1c47db924875cee9
workflow:
    workflowVersion: 1.0.0
    speakeasyVersion: latest
    sources:
        Emailr API:
            inputs:
                - location: https://api.emailr.dev/openapi.json
            overlays:
                - location: .speakeasy/speakeasy-modifications-overlay.yaml
            output: .speakeasy/out.openapi.yaml
            registry:
                location: registry.speakeasyapi.dev/hormo/emailr/emailr-api
    targets:
        emailr:
            target: typescript
            source: Emailr API
            publish:
                npm:
                    token: $npm_token
            codeSamples:
                registry:
                    location: registry.speakeasyapi.dev/hormo/emailr/emailr-api-typescript-code-samples
                labelOverride:
                    fixedValue: Typescript (SDK)
                blocking: false
